
Microsoft Visual Studio Solution File, Format Version 12.00
# Visual Studio Version 17
VisualStudioVersion = 17.5.33530.505
MinimumVisualStudioVersion = 10.0.40219.1
Project("{FAE04EC0-301F-11D3-BF4B-00C04F79EFBC}") = "AIS_COMPOSITION", "AIS_COMPOSITION\AIS_COMPOSITION.csproj", "{320EC181-5956-49C0-B57D-26F38EFE0AFC}"
EndProject
Global
	GlobalSection(SolutionConfigurationPlatforms) = preSolution
		Debug|Any CPU = Debug|Any CPU
		Release|Any CPU = Release|Any CPU
	EndGlobalSection
	GlobalSection(ProjectConfigurationPlatforms) = postSolution
		{320EC181-5956-49C0-B57D-26F38EFE0AFC}.Debug|Any CPU.ActiveCfg = Debug|Any CPU
		{320EC181-5956-49C0-B57D-26F38EFE0AFC}.Debug|Any CPU.Build.0 = Debug|Any CPU
		{320EC181-5956-49C0-B57D-26F38EFE0AFC}.Release|Any CPU.ActiveCfg = Release|Any CPU
		{320EC181-5956-49C0-B57D-26F38EFE0AFC}.Release|Any CPU.Build.0 = Release|Any CPU
	EndGlobalSection
	GlobalSection(SolutionProperties) = preSolution
		HideSolutionNode = FALSE
	EndGlobalSection
	GlobalSection(ExtensibilityGlobals) = postSolution
		SolutionGuid = {CCA8294B-911B-4483-8383-C88378C0F11E}
	EndGlobalSection
EndGlobal
